<?xml version="1.0" encoding="utf-8"?>
<Project ToolsVersion="17.0" xmlns="http://schemas.microsoft.com/developer/msbuild/2003">
  <ItemGroup>
    <CustomBuild Include="C:\Users\admin\Documents\GitHub\learning c++\CMakeFiles\c8ed17c54d812bc55e20ad635433c2ab\generate.stamp.rule">
      <Filter>CMake Rules</Filter>
    </CustomBuild>
  </ItemGroup>
  <ItemGroup>
    <Filter Include="CMake Rules">
      <UniqueIdentifier>{25C05687-BE18-35B3-A753-5AC2DD040B01}</UniqueIdentifier>
    </Filter>
  </ItemGroup>
</Project>
